
Microsoft Visual Studio Solution File, Format Version 11.00
# Visual Studio 2010
Project("{FAE04EC0-301F-11D3-BF4B-00C04F79EFBC}") = "Playground", "Playground\Playground.csproj", "{D0E76B7C-8845-4073-B826-C678BEDE35DF}"
EndProject
Project("{FAE04EC0-301F-11D3-BF4B-00C04F79EFBC}") = "Tests.Tx", "Tests.Tx\Tests.Tx.csproj", "{E88FF544-1342-4ADC-B88A-1BDCE0057DA6}"
EndProject
Project("{2150E333-8FDC-42A3-9474-1A3956D46DE8}") = "Solution Items", "Solution Items", "{55D729F2-BC6B-4165-B1A9-932E9662469D}"
	ProjectSection(SolutionItems) = preProject
		devsetup.cmd = devsetup.cmd
		key.snk = key.snk
		Local.testsettings = Local.testsettings
		TraceAndTestImpact.testsettings = TraceAndTestImpact.testsettings
		Tx.vsmdi = Tx.vsmdi
	EndProjectSection
EndProject
Project("{FAE04EC0-301F-11D3-BF4B-00C04F79EFBC}") = "System.Reactive.Tx", "System.Reactive.Tx\System.Reactive.Tx.csproj", "{C5CC33B0-1684-4DD4-83A5-5DA4A9A25A7F}"
EndProject
Project("{FAE04EC0-301F-11D3-BF4B-00C04F79EFBC}") = "Microsoft.Etw", "Microsoft.Etw\Microsoft.Etw.csproj", "{C4043ABB-EC40-4194-B15B-C0D13C2CF5C8}"
EndProject
Project("{FAE04EC0-301F-11D3-BF4B-00C04F79EFBC}") = "TxLinqPadDriver", "TxLinqPadDriver\TxLinqPadDriver.csproj", "{3326CF58-CDA1-4514-BADD-465F4CEDAF50}"
EndProject
Project("{FAE04EC0-301F-11D3-BF4B-00C04F79EFBC}") = "EtwEventTypeGen", "EtwEventTypeGen\EtwEventTypeGen.csproj", "{D8051D89-46E1-47E0-AA9A-9B352AE3CC11}"
EndProject
Project("{FAE04EC0-301F-11D3-BF4B-00C04F79EFBC}") = "Microsoft.XEvent", "Microsoft.XEvent\Microsoft.XEvent.csproj", "{8892848F-45A1-46AC-A686-6A25EEC1475B}"
EndProject
Project("{FAE04EC0-301F-11D3-BF4B-00C04F79EFBC}") = "Microsoft.Etw.TypeGeneration", "Microsoft.Etw.TypeGeneration\Microsoft.Etw.TypeGeneration.csproj", "{A4517ABD-D558-42F3-8FE4-2A6BA3074014}"
EndProject
Global
	GlobalSection(TeamFoundationVersionControl) = preSolution
		SccNumberOfProjects = 9
		SccEnterpriseProvider = {4CA58AB2-18FA-4F8D-95D4-32DDF27D184C}
		SccTeamFoundationServer = http://sqlbuvsts01:8080/main
		SccLocalPath0 = .
		SccProjectUniqueName1 = Playground\\Playground.csproj
		SccProjectName1 = Playground
		SccLocalPath1 = Playground
		SccProjectUniqueName2 = Tests.Tx\\Tests.Tx.csproj
		SccProjectName2 = Tests.Tx
		SccLocalPath2 = Tests.Tx
		SccProjectUniqueName3 = System.Reactive.Tx\\System.Reactive.Tx.csproj
		SccProjectName3 = System.Reactive.Tx
		SccLocalPath3 = System.Reactive.Tx
		SccProjectUniqueName4 = Microsoft.Etw\\Microsoft.Etw.csproj
		SccProjectName4 = Microsoft.Etw
		SccLocalPath4 = Microsoft.Etw
		SccProjectUniqueName5 = TxLinqPadDriver\\TxLinqPadDriver.csproj
		SccProjectName5 = TxLinqPadDriver
		SccLocalPath5 = TxLinqPadDriver
		SccProjectUniqueName6 = EtwEventTypeGen\\EtwEventTypeGen.csproj
		SccProjectName6 = EtwEventTypeGen
		SccLocalPath6 = EtwEventTypeGen
		SccProjectUniqueName7 = Microsoft.XEvent\\Microsoft.XEvent.csproj
		SccProjectName7 = Microsoft.XEvent
		SccLocalPath7 = Microsoft.XEvent
		SccProjectUniqueName8 = Microsoft.Etw.TypeGeneration\\Microsoft.Etw.TypeGeneration.csproj
		SccProjectName8 = Microsoft.Etw.TypeGeneration
		SccLocalPath8 = Microsoft.Etw.TypeGeneration
	EndGlobalSection
	GlobalSection(TestCaseManagementSettings) = postSolution
		CategoryFile = Tx.vsmdi
	EndGlobalSection
	GlobalSection(SolutionConfigurationPlatforms) = preSolution
		Debug|Any CPU = Debug|Any CPU
		Debug|Mixed Platforms = Debug|Mixed Platforms
		Debug|x86 = Debug|x86
		Release|Any CPU = Release|Any CPU
		Release|Mixed Platforms = Release|Mixed Platforms
		Release|x86 = Release|x86
	EndGlobalSection
	GlobalSection(ProjectConfigurationPlatforms) = postSolution
		{D0E76B7C-8845-4073-B826-C678BEDE35DF}.Debug|Any CPU.ActiveCfg = Debug|Any CPU
		{D0E76B7C-8845-4073-B826-C678BEDE35DF}.Debug|Any CPU.Build.0 = Debug|Any CPU
		{D0E76B7C-8845-4073-B826-C678BEDE35DF}.Debug|Mixed Platforms.ActiveCfg = Debug|Any CPU
		{D0E76B7C-8845-4073-B826-C678BEDE35DF}.Debug|Mixed Platforms.Build.0 = Debug|Any CPU
		{D0E76B7C-8845-4073-B826-C678BEDE35DF}.Debug|x86.ActiveCfg = Debug|Any CPU
		{D0E76B7C-8845-4073-B826-C678BEDE35DF}.Release|Any CPU.ActiveCfg = Release|Any CPU
		{D0E76B7C-8845-4073-B826-C678BEDE35DF}.Release|Any CPU.Build.0 = Release|Any CPU
		{D0E76B7C-8845-4073-B826-C678BEDE35DF}.Release|Mixed Platforms.ActiveCfg = Release|Any CPU
		{D0E76B7C-8845-4073-B826-C678BEDE35DF}.Release|Mixed Platforms.Build.0 = Release|Any CPU
		{D0E76B7C-8845-4073-B826-C678BEDE35DF}.Release|x86.ActiveCfg = Release|Any CPU
		{E88FF544-1342-4ADC-B88A-1BDCE0057DA6}.Debug|Any CPU.ActiveCfg = Debug|Any CPU
		{E88FF544-1342-4ADC-B88A-1BDCE0057DA6}.Debug|Any CPU.Build.0 = Debug|Any CPU
		{E88FF544-1342-4ADC-B88A-1BDCE0057DA6}.Debug|Mixed Platforms.ActiveCfg = Debug|Any CPU
		{E88FF544-1342-4ADC-B88A-1BDCE0057DA6}.Debug|Mixed Platforms.Build.0 = Debug|Any CPU
		{E88FF544-1342-4ADC-B88A-1BDCE0057DA6}.Debug|x86.ActiveCfg = Debug|Any CPU
		{E88FF544-1342-4ADC-B88A-1BDCE0057DA6}.Release|Any CPU.ActiveCfg = Release|Any CPU
		{E88FF544-1342-4ADC-B88A-1BDCE0057DA6}.Release|Any CPU.Build.0 = Release|Any CPU
		{E88FF544-1342-4ADC-B88A-1BDCE0057DA6}.Release|Mixed Platforms.ActiveCfg = Release|Any CPU
		{E88FF544-1342-4ADC-B88A-1BDCE0057DA6}.Release|Mixed Platforms.Build.0 = Release|Any CPU
		{E88FF544-1342-4ADC-B88A-1BDCE0057DA6}.Release|x86.ActiveCfg = Release|Any CPU
		{C5CC33B0-1684-4DD4-83A5-5DA4A9A25A7F}.Debug|Any CPU.ActiveCfg = Debug|Any CPU
		{C5CC33B0-1684-4DD4-83A5-5DA4A9A25A7F}.Debug|Any CPU.Build.0 = Debug|Any CPU
		{C5CC33B0-1684-4DD4-83A5-5DA4A9A25A7F}.Debug|Mixed Platforms.ActiveCfg = Debug|Any CPU
		{C5CC33B0-1684-4DD4-83A5-5DA4A9A25A7F}.Debug|Mixed Platforms.Build.0 = Debug|Any CPU
		{C5CC33B0-1684-4DD4-83A5-5DA4A9A25A7F}.Debug|x86.ActiveCfg = Debug|Any CPU
		{C5CC33B0-1684-4DD4-83A5-5DA4A9A25A7F}.Release|Any CPU.ActiveCfg = Release|Any CPU
		{C5CC33B0-1684-4DD4-83A5-5DA4A9A25A7F}.Release|Any CPU.Build.0 = Release|Any CPU
		{C5CC33B0-1684-4DD4-83A5-5DA4A9A25A7F}.Release|Mixed Platforms.ActiveCfg = Release|Any CPU
		{C5CC33B0-1684-4DD4-83A5-5DA4A9A25A7F}.Release|Mixed Platforms.Build.0 = Release|Any CPU
		{C5CC33B0-1684-4DD4-83A5-5DA4A9A25A7F}.Release|x86.ActiveCfg = Release|Any CPU
		{C4043ABB-EC40-4194-B15B-C0D13C2CF5C8}.Debug|Any CPU.ActiveCfg = Debug|Any CPU
		{C4043ABB-EC40-4194-B15B-C0D13C2CF5C8}.Debug|Any CPU.Build.0 = Debug|Any CPU
		{C4043ABB-EC40-4194-B15B-C0D13C2CF5C8}.Debug|Mixed Platforms.ActiveCfg = Debug|Any CPU
		{C4043ABB-EC40-4194-B15B-C0D13C2CF5C8}.Debug|Mixed Platforms.Build.0 = Debug|Any CPU
		{C4043ABB-EC40-4194-B15B-C0D13C2CF5C8}.Debug|x86.ActiveCfg = Debug|Any CPU
		{C4043ABB-EC40-4194-B15B-C0D13C2CF5C8}.Release|Any CPU.ActiveCfg = Release|Any CPU
		{C4043ABB-EC40-4194-B15B-C0D13C2CF5C8}.Release|Any CPU.Build.0 = Release|Any CPU
		{C4043ABB-EC40-4194-B15B-C0D13C2CF5C8}.Release|Mixed Platforms.ActiveCfg = Release|Any CPU
		{C4043ABB-EC40-4194-B15B-C0D13C2CF5C8}.Release|Mixed Platforms.Build.0 = Release|Any CPU
		{C4043ABB-EC40-4194-B15B-C0D13C2CF5C8}.Release|x86.ActiveCfg = Release|Any CPU
		{3326CF58-CDA1-4514-BADD-465F4CEDAF50}.Debug|Any CPU.ActiveCfg = Debug|Any CPU
		{3326CF58-CDA1-4514-BADD-465F4CEDAF50}.Debug|Any CPU.Build.0 = Debug|Any CPU
		{3326CF58-CDA1-4514-BADD-465F4CEDAF50}.Debug|Mixed Platforms.ActiveCfg = Debug|Any CPU
		{3326CF58-CDA1-4514-BADD-465F4CEDAF50}.Debug|Mixed Platforms.Build.0 = Debug|Any CPU
		{3326CF58-CDA1-4514-BADD-465F4CEDAF50}.Debug|x86.ActiveCfg = Debug|Any CPU
		{3326CF58-CDA1-4514-BADD-465F4CEDAF50}.Release|Any CPU.ActiveCfg = Release|Any CPU
		{3326CF58-CDA1-4514-BADD-465F4CEDAF50}.Release|Any CPU.Build.0 = Release|Any CPU
		{3326CF58-CDA1-4514-BADD-465F4CEDAF50}.Release|Mixed Platforms.ActiveCfg = Release|Any CPU
		{3326CF58-CDA1-4514-BADD-465F4CEDAF50}.Release|Mixed Platforms.Build.0 = Release|Any CPU
		{3326CF58-CDA1-4514-BADD-465F4CEDAF50}.Release|x86.ActiveCfg = Release|Any CPU
		{D8051D89-46E1-47E0-AA9A-9B352AE3CC11}.Debug|Any CPU.ActiveCfg = Debug|Any CPU
		{D8051D89-46E1-47E0-AA9A-9B352AE3CC11}.Debug|Any CPU.Build.0 = Debug|Any CPU
		{D8051D89-46E1-47E0-AA9A-9B352AE3CC11}.Debug|Mixed Platforms.ActiveCfg = Debug|Any CPU
		{D8051D89-46E1-47E0-AA9A-9B352AE3CC11}.Debug|Mixed Platforms.Build.0 = Debug|Any CPU
		{D8051D89-46E1-47E0-AA9A-9B352AE3CC11}.Debug|x86.ActiveCfg = Debug|Any CPU
		{D8051D89-46E1-47E0-AA9A-9B352AE3CC11}.Release|Any CPU.ActiveCfg = Release|Any CPU
		{D8051D89-46E1-47E0-AA9A-9B352AE3CC11}.Release|Any CPU.Build.0 = Release|Any CPU
		{D8051D89-46E1-47E0-AA9A-9B352AE3CC11}.Release|Mixed Platforms.ActiveCfg = Release|Any CPU
		{D8051D89-46E1-47E0-AA9A-9B352AE3CC11}.Release|Mixed Platforms.Build.0 = Release|Any CPU
		{D8051D89-46E1-47E0-AA9A-9B352AE3CC11}.Release|x86.ActiveCfg = Release|Any CPU
		{8892848F-45A1-46AC-A686-6A25EEC1475B}.Debug|Any CPU.ActiveCfg = Debug|Any CPU
		{8892848F-45A1-46AC-A686-6A25EEC1475B}.Debug|Any CPU.Build.0 = Debug|Any CPU
		{8892848F-45A1-46AC-A686-6A25EEC1475B}.Debug|Mixed Platforms.ActiveCfg = Debug|Any CPU
		{8892848F-45A1-46AC-A686-6A25EEC1475B}.Debug|Mixed Platforms.Build.0 = Debug|Any CPU
		{8892848F-45A1-46AC-A686-6A25EEC1475B}.Debug|x86.ActiveCfg = Debug|Any CPU
		{8892848F-45A1-46AC-A686-6A25EEC1475B}.Release|Any CPU.ActiveCfg = Release|Any CPU
		{8892848F-45A1-46AC-A686-6A25EEC1475B}.Release|Any CPU.Build.0 = Release|Any CPU
		{8892848F-45A1-46AC-A686-6A25EEC1475B}.Release|Mixed Platforms.ActiveCfg = Release|Any CPU
		{8892848F-45A1-46AC-A686-6A25EEC1475B}.Release|Mixed Platforms.Build.0 = Release|Any CPU
		{8892848F-45A1-46AC-A686-6A25EEC1475B}.Release|x86.ActiveCfg = Release|Any CPU
		{A4517ABD-D558-42F3-8FE4-2A6BA3074014}.Debug|Any CPU.ActiveCfg = Debug|Any CPU
		{A4517ABD-D558-42F3-8FE4-2A6BA3074014}.Debug|Any CPU.Build.0 = Debug|Any CPU
		{A4517ABD-D558-42F3-8FE4-2A6BA3074014}.Debug|Mixed Platforms.ActiveCfg = Debug|Any CPU
		{A4517ABD-D558-42F3-8FE4-2A6BA3074014}.Debug|Mixed Platforms.Build.0 = Debug|Any CPU
		{A4517ABD-D558-42F3-8FE4-2A6BA3074014}.Debug|x86.ActiveCfg = Debug|Any CPU
		{A4517ABD-D558-42F3-8FE4-2A6BA3074014}.Release|Any CPU.ActiveCfg = Release|Any CPU
		{A4517ABD-D558-42F3-8FE4-2A6BA3074014}.Release|Any CPU.Build.0 = Release|Any CPU
		{A4517ABD-D558-42F3-8FE4-2A6BA3074014}.Release|Mixed Platforms.ActiveCfg = Release|Any CPU
		{A4517ABD-D558-42F3-8FE4-2A6BA3074014}.Release|Mixed Platforms.Build.0 = Release|Any CPU
		{A4517ABD-D558-42F3-8FE4-2A6BA3074014}.Release|x86.ActiveCfg = Release|Any CPU
	EndGlobalSection
	GlobalSection(SolutionProperties) = preSolution
		HideSolutionNode = FALSE
	EndGlobalSection
EndGlobal
