
Microsoft Visual Studio Solution File, Format Version 11.00
# Visual C# Express 2010
Project("{FAE04EC0-301F-11D3-BF4B-00C04F79EFBC}") = "LINQ2Charts", "LINQ2Charts\LINQ2Charts.csproj", "{776D4B3A-63AB-4120-BD72-9F182990AF6F}"
EndProject
Project("{FAE04EC0-301F-11D3-BF4B-00C04F79EFBC}") = "Samples", "Samples\Samples.csproj", "{5AD5624C-562E-4479-8A99-FDB8E28EDB2E}"
EndProject
Global
	GlobalSection(SolutionConfigurationPlatforms) = preSolution
		Debug|Any CPU = Debug|Any CPU
		Debug|Mixed Platforms = Debug|Mixed Platforms
		Debug|x86 = Debug|x86
		Release|Any CPU = Release|Any CPU
		Release|Mixed Platforms = Release|Mixed Platforms
		Release|x86 = Release|x86
	EndGlobalSection
	GlobalSection(ProjectConfigurationPlatforms) = postSolution
		{776D4B3A-63AB-4120-BD72-9F182990AF6F}.Debug|Any CPU.ActiveCfg = Debug|Any CPU
		{776D4B3A-63AB-4120-BD72-9F182990AF6F}.Debug|Any CPU.Build.0 = Debug|Any CPU
		{776D4B3A-63AB-4120-BD72-9F182990AF6F}.Debug|Mixed Platforms.ActiveCfg = Debug|Any CPU
		{776D4B3A-63AB-4120-BD72-9F182990AF6F}.Debug|Mixed Platforms.Build.0 = Debug|Any CPU
		{776D4B3A-63AB-4120-BD72-9F182990AF6F}.Debug|x86.ActiveCfg = Debug|Any CPU
		{776D4B3A-63AB-4120-BD72-9F182990AF6F}.Release|Any CPU.ActiveCfg = Release|Any CPU
		{776D4B3A-63AB-4120-BD72-9F182990AF6F}.Release|Any CPU.Build.0 = Release|Any CPU
		{776D4B3A-63AB-4120-BD72-9F182990AF6F}.Release|Mixed Platforms.ActiveCfg = Release|Any CPU
		{776D4B3A-63AB-4120-BD72-9F182990AF6F}.Release|Mixed Platforms.Build.0 = Release|Any CPU
		{776D4B3A-63AB-4120-BD72-9F182990AF6F}.Release|x86.ActiveCfg = Release|Any CPU
		{5AD5624C-562E-4479-8A99-FDB8E28EDB2E}.Debug|Any CPU.ActiveCfg = Debug|x86
		{5AD5624C-562E-4479-8A99-FDB8E28EDB2E}.Debug|Mixed Platforms.ActiveCfg = Debug|x86
		{5AD5624C-562E-4479-8A99-FDB8E28EDB2E}.Debug|Mixed Platforms.Build.0 = Debug|x86
		{5AD5624C-562E-4479-8A99-FDB8E28EDB2E}.Debug|x86.ActiveCfg = Debug|x86
		{5AD5624C-562E-4479-8A99-FDB8E28EDB2E}.Debug|x86.Build.0 = Debug|x86
		{5AD5624C-562E-4479-8A99-FDB8E28EDB2E}.Release|Any CPU.ActiveCfg = Release|x86
		{5AD5624C-562E-4479-8A99-FDB8E28EDB2E}.Release|Mixed Platforms.ActiveCfg = Release|x86
		{5AD5624C-562E-4479-8A99-FDB8E28EDB2E}.Release|Mixed Platforms.Build.0 = Release|x86
		{5AD5624C-562E-4479-8A99-FDB8E28EDB2E}.Release|x86.ActiveCfg = Release|x86
		{5AD5624C-562E-4479-8A99-FDB8E28EDB2E}.Release|x86.Build.0 = Release|x86
	EndGlobalSection
	GlobalSection(SolutionProperties) = preSolution
		HideSolutionNode = FALSE
	EndGlobalSection
EndGlobal
